
Microsoft Visual Studio Solution File, Format Version 12.00
# Visual Studio Version 17
VisualStudioVersion = 17.12.35707.178 d17.12
MinimumVisualStudioVersion = 10.0.40219.1
Project("{FAE04EC0-301F-11D3-BF4B-00C04F79EFBC}") = "PatientsApp.Server", "PatientsApp.Server\PatientsApp.Server.csproj", "{300A7305-371E-478F-ABDD-F42496E1C888}"
EndProject
Project("{54A90642-561A-4BB1-A94E-469ADEE60C69}") = "patientsapp.client", "patientsapp.client\patientsapp.client.esproj", "{5A100AA1-A1F2-4A57-9ACA-A5A7E2D32126}"
EndProject
Global
	GlobalSection(SolutionConfigurationPlatforms) = preSolution
		Debug|Any CPU = Debug|Any CPU
		Release|Any CPU = Release|Any CPU
	EndGlobalSection
	GlobalSection(ProjectConfigurationPlatforms) = postSolution
		{300A7305-371E-478F-ABDD-F42496E1C888}.Debug|Any CPU.ActiveCfg = Debug|Any CPU
		{300A7305-371E-478F-ABDD-F42496E1C888}.Debug|Any CPU.Build.0 = Debug|Any CPU
		{300A7305-371E-478F-ABDD-F42496E1C888}.Release|Any CPU.ActiveCfg = Release|Any CPU
		{300A7305-371E-478F-ABDD-F42496E1C888}.Release|Any CPU.Build.0 = Release|Any CPU
		{5A100AA1-A1F2-4A57-9ACA-A5A7E2D32126}.Debug|Any CPU.ActiveCfg = Debug|Any CPU
		{5A100AA1-A1F2-4A57-9ACA-A5A7E2D32126}.Debug|Any CPU.Build.0 = Debug|Any CPU
		{5A100AA1-A1F2-4A57-9ACA-A5A7E2D32126}.Debug|Any CPU.Deploy.0 = Debug|Any CPU
		{5A100AA1-A1F2-4A57-9ACA-A5A7E2D32126}.Release|Any CPU.ActiveCfg = Release|Any CPU
		{5A100AA1-A1F2-4A57-9ACA-A5A7E2D32126}.Release|Any CPU.Build.0 = Release|Any CPU
		{5A100AA1-A1F2-4A57-9ACA-A5A7E2D32126}.Release|Any CPU.Deploy.0 = Release|Any CPU
	EndGlobalSection
	GlobalSection(SolutionProperties) = preSolution
		HideSolutionNode = FALSE
	EndGlobalSection
EndGlobal
